
Microsoft Visual Studio Solution File, Format Version 12.00
# Visual Studio Version 17
VisualStudioVersion = 17.0.32014.148
MinimumVisualStudioVersion = 10.0.40219.1
Project("{FAE04EC0-301F-11D3-BF4B-00C04F79EFBC}") = "BMIapp1.0.Android", "BMIapp1.0\BMIapp1.0.Android\BMIapp1.0.Android.csproj", "{7EB15B58-8113-4377-9904-C6F16E8ADAE0}"
EndProject
Project("{FAE04EC0-301F-11D3-BF4B-00C04F79EFBC}") = "BMIapp1.0.iOS", "BMIapp1.0\BMIapp1.0.iOS\BMIapp1.0.iOS.csproj", "{9D8587ED-7A25-4605-BB9B-07151C7C17DE}"
EndProject
Project("{9A19103F-16F7-4668-BE54-9A1E7A4F7556}") = "BMIapp1.0", "BMIapp1.0\BMIapp1.0\BMIapp1.0.csproj", "{D3D2CEE3-AA5D-4919-90E7-D0BE3FA9DBE2}"
EndProject
Global
	GlobalSection(SolutionConfigurationPlatforms) = preSolution
		Debug|Any CPU = Debug|Any CPU
		Debug|iPhone = Debug|iPhone
		Debug|iPhoneSimulator = Debug|iPhoneSimulator
		Release|Any CPU = Release|Any CPU
		Release|iPhone = Release|iPhone
		Release|iPhoneSimulator = Release|iPhoneSimulator
	EndGlobalSection
	GlobalSection(ProjectConfigurationPlatforms) = postSolution
		{7EB15B58-8113-4377-9904-C6F16E8ADAE0}.Debug|Any CPU.ActiveCfg = Debug|Any CPU
		{7EB15B58-8113-4377-9904-C6F16E8ADAE0}.Debug|Any CPU.Build.0 = Debug|Any CPU
		{7EB15B58-8113-4377-9904-C6F16E8ADAE0}.Debug|Any CPU.Deploy.0 = Debug|Any CPU
		{7EB15B58-8113-4377-9904-C6F16E8ADAE0}.Debug|iPhone.ActiveCfg = Debug|Any CPU
		{7EB15B58-8113-4377-9904-C6F16E8ADAE0}.Debug|iPhone.Build.0 = Debug|Any CPU
		{7EB15B58-8113-4377-9904-C6F16E8ADAE0}.Debug|iPhone.Deploy.0 = Debug|Any CPU
		{7EB15B58-8113-4377-9904-C6F16E8ADAE0}.Debug|iPhoneSimulator.ActiveCfg = Debug|Any CPU
		{7EB15B58-8113-4377-9904-C6F16E8ADAE0}.Debug|iPhoneSimulator.Build.0 = Debug|Any CPU
		{7EB15B58-8113-4377-9904-C6F16E8ADAE0}.Debug|iPhoneSimulator.Deploy.0 = Debug|Any CPU
		{7EB15B58-8113-4377-9904-C6F16E8ADAE0}.Release|Any CPU.ActiveCfg = Release|Any CPU
		{7EB15B58-8113-4377-9904-C6F16E8ADAE0}.Release|Any CPU.Build.0 = Release|Any CPU
		{7EB15B58-8113-4377-9904-C6F16E8ADAE0}.Release|Any CPU.Deploy.0 = Release|Any CPU
		{7EB15B58-8113-4377-9904-C6F16E8ADAE0}.Release|iPhone.ActiveCfg = Release|Any CPU
		{7EB15B58-8113-4377-9904-C6F16E8ADAE0}.Release|iPhone.Build.0 = Release|Any CPU
		{7EB15B58-8113-4377-9904-C6F16E8ADAE0}.Release|iPhone.Deploy.0 = Release|Any CPU
		{7EB15B58-8113-4377-9904-C6F16E8ADAE0}.Release|iPhoneSimulator.ActiveCfg = Release|Any CPU
		{7EB15B58-8113-4377-9904-C6F16E8ADAE0}.Release|iPhoneSimulator.Build.0 = Release|Any CPU
		{7EB15B58-8113-4377-9904-C6F16E8ADAE0}.Release|iPhoneSimulator.Deploy.0 = Release|Any CPU
		{9D8587ED-7A25-4605-BB9B-07151C7C17DE}.Debug|Any CPU.ActiveCfg = Debug|iPhone
		{9D8587ED-7A25-4605-BB9B-07151C7C17DE}.Debug|Any CPU.Build.0 = Debug|iPhone
		{9D8587ED-7A25-4605-BB9B-07151C7C17DE}.Debug|Any CPU.Deploy.0 = Debug|iPhone
		{9D8587ED-7A25-4605-BB9B-07151C7C17DE}.Debug|iPhone.ActiveCfg = Debug|iPhone
		{9D8587ED-7A25-4605-BB9B-07151C7C17DE}.Debug|iPhone.Build.0 = Debug|iPhone
		{9D8587ED-7A25-4605-BB9B-07151C7C17DE}.Debug|iPhone.Deploy.0 = Debug|iPhone
		{9D8587ED-7A25-4605-BB9B-07151C7C17DE}.Debug|iPhoneSimulator.ActiveCfg = Debug|iPhoneSimulator
		{9D8587ED-7A25-4605-BB9B-07151C7C17DE}.Debug|iPhoneSimulator.Build.0 = Debug|iPhoneSimulator
		{9D8587ED-7A25-4605-BB9B-07151C7C17DE}.Debug|iPhoneSimulator.Deploy.0 = Debug|iPhoneSimulator
		{9D8587ED-7A25-4605-BB9B-07151C7C17DE}.Release|Any CPU.ActiveCfg = Release|iPhoneSimulator
		{9D8587ED-7A25-4605-BB9B-07151C7C17DE}.Release|Any CPU.Build.0 = Release|iPhoneSimulator
		{9D8587ED-7A25-4605-BB9B-07151C7C17DE}.Release|Any CPU.Deploy.0 = Release|iPhoneSimulator
		{9D8587ED-7A25-4605-BB9B-07151C7C17DE}.Release|iPhone.ActiveCfg = Release|iPhone
		{9D8587ED-7A25-4605-BB9B-07151C7C17DE}.Release|iPhone.Build.0 = Release|iPhone
		{9D8587ED-7A25-4605-BB9B-07151C7C17DE}.Release|iPhone.Deploy.0 = Release|iPhone
		{9D8587ED-7A25-4605-BB9B-07151C7C17DE}.Release|iPhoneSimulator.ActiveCfg = Release|iPhoneSimulator
		{9D8587ED-7A25-4605-BB9B-07151C7C17DE}.Release|iPhoneSimulator.Build.0 = Release|iPhoneSimulator
		{9D8587ED-7A25-4605-BB9B-07151C7C17DE}.Release|iPhoneSimulator.Deploy.0 = Release|iPhoneSimulator
		{D3D2CEE3-AA5D-4919-90E7-D0BE3FA9DBE2}.Debug|Any CPU.ActiveCfg = Debug|Any CPU
		{D3D2CEE3-AA5D-4919-90E7-D0BE3FA9DBE2}.Debug|Any CPU.Build.0 = Debug|Any CPU
		{D3D2CEE3-AA5D-4919-90E7-D0BE3FA9DBE2}.Debug|Any CPU.Deploy.0 = Debug|Any CPU
		{D3D2CEE3-AA5D-4919-90E7-D0BE3FA9DBE2}.Debug|iPhone.ActiveCfg = Debug|Any CPU
		{D3D2CEE3-AA5D-4919-90E7-D0BE3FA9DBE2}.Debug|iPhone.Build.0 = Debug|Any CPU
		{D3D2CEE3-AA5D-4919-90E7-D0BE3FA9DBE2}.Debug|iPhone.Deploy.0 = Debug|Any CPU
		{D3D2CEE3-AA5D-4919-90E7-D0BE3FA9DBE2}.Debug|iPhoneSimulator.ActiveCfg = Debug|Any CPU
		{D3D2CEE3-AA5D-4919-90E7-D0BE3FA9DBE2}.Debug|iPhoneSimulator.Build.0 = Debug|Any CPU
		{D3D2CEE3-AA5D-4919-90E7-D0BE3FA9DBE2}.Debug|iPhoneSimulator.Deploy.0 = Debug|Any CPU
		{D3D2CEE3-AA5D-4919-90E7-D0BE3FA9DBE2}.Release|Any CPU.ActiveCfg = Release|Any CPU
		{D3D2CEE3-AA5D-4919-90E7-D0BE3FA9DBE2}.Release|Any CPU.Build.0 = Release|Any CPU
		{D3D2CEE3-AA5D-4919-90E7-D0BE3FA9DBE2}.Release|Any CPU.Deploy.0 = Release|Any CPU
		{D3D2CEE3-AA5D-4919-90E7-D0BE3FA9DBE2}.Release|iPhone.ActiveCfg = Release|Any CPU
		{D3D2CEE3-AA5D-4919-90E7-D0BE3FA9DBE2}.Release|iPhone.Build.0 = Release|Any CPU
		{D3D2CEE3-AA5D-4919-90E7-D0BE3FA9DBE2}.Release|iPhone.Deploy.0 = Release|Any CPU
		{D3D2CEE3-AA5D-4919-90E7-D0BE3FA9DBE2}.Release|iPhoneSimulator.ActiveCfg = Release|Any CPU
		{D3D2CEE3-AA5D-4919-90E7-D0BE3FA9DBE2}.Release|iPhoneSimulator.Build.0 = Release|Any CPU
		{D3D2CEE3-AA5D-4919-90E7-D0BE3FA9DBE2}.Release|iPhoneSimulator.Deploy.0 = Release|Any CPU
	EndGlobalSection
	GlobalSection(SolutionProperties) = preSolution
		HideSolutionNode = FALSE
	EndGlobalSection
	GlobalSection(ExtensibilityGlobals) = postSolution
		SolutionGuid = {90C9B49E-7BBB-4C27-B4E6-1822994177B8}
	EndGlobalSection
EndGlobal
